// !$*UTF8*$!
{
	archiveVersion = 1;
	classes = {
	};
	objectVersion = 55;
	objects = {

/* Begin PBXBuildFile section */
		4192545BC7FE9D290EC090B4 /* Pods_TV_ShowsTests.framework in Frameworks */ = {isa = PBXBuildFile; fileRef = 806E49F941A3EF583114A8E9 /* Pods_TV_ShowsTests.framework */; };
		42064AA0287833D200E400FD /* AppDelegate.swift in Sources */ = {isa = PBXBuildFile; fileRef = 42064A9F287833D200E400FD /* AppDelegate.swift */; };
		42064AA2287833D200E400FD /* SceneDelegate.swift in Sources */ = {isa = PBXBuildFile; fileRef = 42064AA1287833D200E400FD /* SceneDelegate.swift */; };
		42064AA9287833D500E400FD /* Assets.xcassets in Resources */ = {isa = PBXBuildFile; fileRef = 42064AA8287833D500E400FD /* Assets.xcassets */; };
		42064AAC287833D500E400FD /* LaunchScreen.storyboard in Resources */ = {isa = PBXBuildFile; fileRef = 42064AAA287833D500E400FD /* LaunchScreen.storyboard */; };
		42064AB7287833D600E400FD /* TV_ShowsTests.swift in Sources */ = {isa = PBXBuildFile; fileRef = 42064AB6287833D600E400FD /* TV_ShowsTests.swift */; };
		42064AC1287833D600E400FD /* TV_ShowsUITests.swift in Sources */ = {isa = PBXBuildFile; fileRef = 42064AC0287833D600E400FD /* TV_ShowsUITests.swift */; };
		42064AC3287833D600E400FD /* TV_ShowsUITestsLaunchTests.swift in Sources */ = {isa = PBXBuildFile; fileRef = 42064AC2287833D600E400FD /* TV_ShowsUITestsLaunchTests.swift */; };
		42064AD1287C234000E400FD /* Login.storyboard in Resources */ = {isa = PBXBuildFile; fileRef = 42064AD0287C234000E400FD /* Login.storyboard */; };
		42064AD3287C236F00E400FD /* LoginViewController.swift in Sources */ = {isa = PBXBuildFile; fileRef = 42064AD2287C236F00E400FD /* LoginViewController.swift */; };
		424E53BF28882C4500D444C9 /* Home.storyboard in Resources */ = {isa = PBXBuildFile; fileRef = 424E53BE28882C4500D444C9 /* Home.storyboard */; };
		424E53C128882C8100D444C9 /* HomeViewController.swift in Sources */ = {isa = PBXBuildFile; fileRef = 424E53C028882C8100D444C9 /* HomeViewController.swift */; };
		424E53C32888A88400D444C9 /* User.swift in Sources */ = {isa = PBXBuildFile; fileRef = 424E53C22888A88400D444C9 /* User.swift */; };
		424E53C7288D835A00D444C9 /* Service.swift in Sources */ = {isa = PBXBuildFile; fileRef = 424E53C6288D835A00D444C9 /* Service.swift */; };
		424E53C9288D840600D444C9 /* Router.swift in Sources */ = {isa = PBXBuildFile; fileRef = 424E53C8288D840600D444C9 /* Router.swift */; };
		424E53CB288D845900D444C9 /* Constants.swift in Sources */ = {isa = PBXBuildFile; fileRef = 424E53CA288D845900D444C9 /* Constants.swift */; };
		424E53CE288EC3D700D444C9 /* AuthInfo.swift in Sources */ = {isa = PBXBuildFile; fileRef = 424E53CD288EC3D700D444C9 /* AuthInfo.swift */; };
		5ABB7F58218967C996E3984D /* Pods_TV_Shows_TV_ShowsUITests.framework in Frameworks */ = {isa = PBXBuildFile; fileRef = 3F6F65FC5DD286E530F16656 /* Pods_TV_Shows_TV_ShowsUITests.framework */; };
		9AD0E9A3C926589C853B74FE /* Pods_TV_Shows.framework in Frameworks */ = {isa = PBXBuildFile; fileRef = DAD696F12A01BA1431C9C17A /* Pods_TV_Shows.framework */; };
/* End PBXBuildFile section */

/* Begin PBXContainerItemProxy section */
		42064AB3287833D600E400FD /* PBXContainerItemProxy */ = {
			isa = PBXContainerItemProxy;
			containerPortal = 42064A94287833D200E400FD /* Project object */;
			proxyType = 1;
			remoteGlobalIDString = 42064A9B287833D200E400FD;
			remoteInfo = "TV Shows";
		};
		42064ABD287833D600E400FD /* PBXContainerItemProxy */ = {
			isa = PBXContainerItemProxy;
			containerPortal = 42064A94287833D200E400FD /* Project object */;
			proxyType = 1;
			remoteGlobalIDString = 42064A9B287833D200E400FD;
			remoteInfo = "TV Shows";
		};
/* End PBXContainerItemProxy section */

/* Begin PBXFileReference section */
		2C8FADB842BAFDF8C6AC19E5 /* Pods-TV Shows-TV ShowsUITests.release.xcconfig */ = {isa = PBXFileReference; includeInIndex = 1; lastKnownFileType = text.xcconfig; name = "Pods-TV Shows-TV ShowsUITests.release.xcconfig"; path = "Target Support Files/Pods-TV Shows-TV ShowsUITests/Pods-TV Shows-TV ShowsUITests.release.xcconfig"; sourceTree = "<group>"; };
		3F6F65FC5DD286E530F16656 /* Pods_TV_Shows_TV_ShowsUITests.framework */ = {isa = PBXFileReference; explicitFileType = wrapper.framework; includeInIndex = 0; path = Pods_TV_Shows_TV_ShowsUITests.framework; sourceTree = BUILT_PRODUCTS_DIR; };
		42064A9C287833D200E400FD /* TV Shows.app */ = {isa = PBXFileReference; explicitFileType = wrapper.application; includeInIndex = 0; path = "TV Shows.app"; sourceTree = BUILT_PRODUCTS_DIR; };
		42064A9F287833D200E400FD /* AppDelegate.swift */ = {isa = PBXFileReference; lastKnownFileType = sourcecode.swift; path = AppDelegate.swift; sourceTree = "<group>"; };
		42064AA1287833D200E400FD /* SceneDelegate.swift */ = {isa = PBXFileReference; lastKnownFileType = sourcecode.swift; path = SceneDelegate.swift; sourceTree = "<group>"; };
		42064AA8287833D500E400FD /* Assets.xcassets */ = {isa = PBXFileReference; lastKnownFileType = folder.assetcatalog; path = Assets.xcassets; sourceTree = "<group>"; };
		42064AAB287833D500E400FD /* Base */ = {isa = PBXFileReference; lastKnownFileType = file.storyboard; name = Base; path = Base.lproj/LaunchScreen.storyboard; sourceTree = "<group>"; };
		42064AAD287833D500E400FD /* Info.plist */ = {isa = PBXFileReference; lastKnownFileType = text.plist.xml; path = Info.plist; sourceTree = "<group>"; };
		42064AB2287833D600E400FD /* TV ShowsTests.xctest */ = {isa = PBXFileReference; explicitFileType = wrapper.cfbundle; includeInIndex = 0; path = "TV ShowsTests.xctest"; sourceTree = BUILT_PRODUCTS_DIR; };
		42064AB6287833D600E400FD /* TV_ShowsTests.swift */ = {isa = PBXFileReference; lastKnownFileType = sourcecode.swift; path = TV_ShowsTests.swift; sourceTree = "<group>"; };
		42064ABC287833D600E400FD /* TV ShowsUITests.xctest */ = {isa = PBXFileReference; explicitFileType = wrapper.cfbundle; includeInIndex = 0; path = "TV ShowsUITests.xctest"; sourceTree = BUILT_PRODUCTS_DIR; };
		42064AC0287833D600E400FD /* TV_ShowsUITests.swift */ = {isa = PBXFileReference; lastKnownFileType = sourcecode.swift; path = TV_ShowsUITests.swift; sourceTree = "<group>"; };
		42064AC2287833D600E400FD /* TV_ShowsUITestsLaunchTests.swift */ = {isa = PBXFileReference; lastKnownFileType = sourcecode.swift; path = TV_ShowsUITestsLaunchTests.swift; sourceTree = "<group>"; };
		42064AD0287C234000E400FD /* Login.storyboard */ = {isa = PBXFileReference; lastKnownFileType = file.storyboard; path = Login.storyboard; sourceTree = "<group>"; };
		42064AD2287C236F00E400FD /* LoginViewController.swift */ = {isa = PBXFileReference; lastKnownFileType = sourcecode.swift; path = LoginViewController.swift; sourceTree = "<group>"; };
		424E53BE28882C4500D444C9 /* Home.storyboard */ = {isa = PBXFileReference; lastKnownFileType = file.storyboard; path = Home.storyboard; sourceTree = "<group>"; };
		424E53C028882C8100D444C9 /* HomeViewController.swift */ = {isa = PBXFileReference; lastKnownFileType = sourcecode.swift; path = HomeViewController.swift; sourceTree = "<group>"; };
		424E53C22888A88400D444C9 /* User.swift */ = {isa = PBXFileReference; lastKnownFileType = sourcecode.swift; path = User.swift; sourceTree = "<group>"; };
		424E53C6288D835A00D444C9 /* Service.swift */ = {isa = PBXFileReference; lastKnownFileType = sourcecode.swift; path = Service.swift; sourceTree = "<group>"; };
		424E53C8288D840600D444C9 /* Router.swift */ = {isa = PBXFileReference; lastKnownFileType = sourcecode.swift; path = Router.swift; sourceTree = "<group>"; };
		424E53CA288D845900D444C9 /* Constants.swift */ = {isa = PBXFileReference; lastKnownFileType = sourcecode.swift; path = Constants.swift; sourceTree = "<group>"; };
		424E53CD288EC3D700D444C9 /* AuthInfo.swift */ = {isa = PBXFileReference; lastKnownFileType = sourcecode.swift; path = AuthInfo.swift; sourceTree = "<group>"; };
		5D6ED43880881010541FCF33 /* Pods-TV ShowsTests.release.xcconfig */ = {isa = PBXFileReference; includeInIndex = 1; lastKnownFileType = text.xcconfig; name = "Pods-TV ShowsTests.release.xcconfig"; path = "Target Support Files/Pods-TV ShowsTests/Pods-TV ShowsTests.release.xcconfig"; sourceTree = "<group>"; };
		806E49F941A3EF583114A8E9 /* Pods_TV_ShowsTests.framework */ = {isa = PBXFileReference; explicitFileType = wrapper.framework; includeInIndex = 0; path = Pods_TV_ShowsTests.framework; sourceTree = BUILT_PRODUCTS_DIR; };
		89C36EB0463862B1095B2D23 /* Pods-TV Shows.release.xcconfig */ = {isa = PBXFileReference; includeInIndex = 1; lastKnownFileType = text.xcconfig; name = "Pods-TV Shows.release.xcconfig"; path = "Target Support Files/Pods-TV Shows/Pods-TV Shows.release.xcconfig"; sourceTree = "<group>"; };
		8AF48730BB7419C11FC9E66F /* Pods-TV Shows-TV ShowsUITests.debug.xcconfig */ = {isa = PBXFileReference; includeInIndex = 1; lastKnownFileType = text.xcconfig; name = "Pods-TV Shows-TV ShowsUITests.debug.xcconfig"; path = "Target Support Files/Pods-TV Shows-TV ShowsUITests/Pods-TV Shows-TV ShowsUITests.debug.xcconfig"; sourceTree = "<group>"; };
		A5643BAF3A39702618E0C3FF /* Pods-TV Shows.debug.xcconfig */ = {isa = PBXFileReference; includeInIndex = 1; lastKnownFileType = text.xcconfig; name = "Pods-TV Shows.debug.xcconfig"; path = "Target Support Files/Pods-TV Shows/Pods-TV Shows.debug.xcconfig"; sourceTree = "<group>"; };
		DAD696F12A01BA1431C9C17A /* Pods_TV_Shows.framework */ = {isa = PBXFileReference; explicitFileType = wrapper.framework; includeInIndex = 0; path = Pods_TV_Shows.framework; sourceTree = BUILT_PRODUCTS_DIR; };
		F73F8A4FFBBDD4D4B6B7AD47 /* Pods-TV ShowsTests.debug.xcconfig */ = {isa = PBXFileReference; includeInIndex = 1; lastKnownFileType = text.xcconfig; name = "Pods-TV ShowsTests.debug.xcconfig"; path = "Target Support Files/Pods-TV ShowsTests/Pods-TV ShowsTests.debug.xcconfig"; sourceTree = "<group>"; };
/* End PBXFileReference section */

/* Begin PBXFrameworksBuildPhase section */
		42064A99287833D200E400FD /* Frameworks */ = {
			isa = PBXFrameworksBuildPhase;
			buildActionMask = 2147483647;
			files = (
				9AD0E9A3C926589C853B74FE /* Pods_TV_Shows.framework in Frameworks */,
			);
			runOnlyForDeploymentPostprocessing = 0;
		};
		42064AAF287833D600E400FD /* Frameworks */ = {
			isa = PBXFrameworksBuildPhase;
			buildActionMask = 2147483647;
			files = (
				4192545BC7FE9D290EC090B4 /* Pods_TV_ShowsTests.framework in Frameworks */,
			);
			runOnlyForDeploymentPostprocessing = 0;
		};
		42064AB9287833D600E400FD /* Frameworks */ = {
			isa = PBXFrameworksBuildPhase;
			buildActionMask = 2147483647;
			files = (
				5ABB7F58218967C996E3984D /* Pods_TV_Shows_TV_ShowsUITests.framework in Frameworks */,
			);
			runOnlyForDeploymentPostprocessing = 0;
		};
/* End PBXFrameworksBuildPhase section */

/* Begin PBXGroup section */
		42064A93287833D200E400FD = {
			isa = PBXGroup;
			children = (
				424E53CC288EC3BD00D444C9 /* Models */,
				424E53BB28882BB400D444C9 /* Home */,
				42064ACF287C229700E400FD /* Login */,
				42064A9E287833D200E400FD /* TV Shows */,
				42064AB5287833D600E400FD /* TV ShowsTests */,
				42064ABF287833D600E400FD /* TV ShowsUITests */,
				42064A9D287833D200E400FD /* Products */,
				B8A075CB01B178E625FD3680 /* Pods */,
				983E46D714547B7D0A2CE5BE /* Frameworks */,
			);
			sourceTree = "<group>";
		};
		42064A9D287833D200E400FD /* Products */ = {
			isa = PBXGroup;
			children = (
				42064A9C287833D200E400FD /* TV Shows.app */,
				42064AB2287833D600E400FD /* TV ShowsTests.xctest */,
				42064ABC287833D600E400FD /* TV ShowsUITests.xctest */,
			);
			name = Products;
			sourceTree = "<group>";
		};
		42064A9E287833D200E400FD /* TV Shows */ = {
			isa = PBXGroup;
			children = (
				42064A9F287833D200E400FD /* AppDelegate.swift */,
				42064AA1287833D200E400FD /* SceneDelegate.swift */,
				42064AA8287833D500E400FD /* Assets.xcassets */,
				42064AAA287833D500E400FD /* LaunchScreen.storyboard */,
				42064AAD287833D500E400FD /* Info.plist */,
			);
			path = "TV Shows";
			sourceTree = "<group>";
		};
		42064AB5287833D600E400FD /* TV ShowsTests */ = {
			isa = PBXGroup;
			children = (
				42064AB6287833D600E400FD /* TV_ShowsTests.swift */,
			);
			path = "TV ShowsTests";
			sourceTree = "<group>";
		};
		42064ABF287833D600E400FD /* TV ShowsUITests */ = {
			isa = PBXGroup;
			children = (
				42064AC0287833D600E400FD /* TV_ShowsUITests.swift */,
				42064AC2287833D600E400FD /* TV_ShowsUITestsLaunchTests.swift */,
			);
			path = "TV ShowsUITests";
			sourceTree = "<group>";
		};
		42064ACF287C229700E400FD /* Login */ = {
			isa = PBXGroup;
			children = (
				42064AD0287C234000E400FD /* Login.storyboard */,
				42064AD2287C236F00E400FD /* LoginViewController.swift */,
				424E53C6288D835A00D444C9 /* Service.swift */,
				424E53C8288D840600D444C9 /* Router.swift */,
				424E53CA288D845900D444C9 /* Constants.swift */,
			);
			path = Login;
			sourceTree = "<group>";
		};
		424E53BB28882BB400D444C9 /* Home */ = {
			isa = PBXGroup;
			children = (
				424E53BE28882C4500D444C9 /* Home.storyboard */,
				424E53C028882C8100D444C9 /* HomeViewController.swift */,
			);
			path = Home;
			sourceTree = "<group>";
		};
		424E53CC288EC3BD00D444C9 /* Models */ = {
			isa = PBXGroup;
			children = (
				424E53C22888A88400D444C9 /* User.swift */,
				424E53CD288EC3D700D444C9 /* AuthInfo.swift */,
			);
			path = Models;
			sourceTree = "<group>";
		};
		983E46D714547B7D0A2CE5BE /* Frameworks */ = {
			isa = PBXGroup;
			children = (
				DAD696F12A01BA1431C9C17A /* Pods_TV_Shows.framework */,
				3F6F65FC5DD286E530F16656 /* Pods_TV_Shows_TV_ShowsUITests.framework */,
				806E49F941A3EF583114A8E9 /* Pods_TV_ShowsTests.framework */,
			);
			name = Frameworks;
			sourceTree = "<group>";
		};
		B8A075CB01B178E625FD3680 /* Pods */ = {
			isa = PBXGroup;
			children = (
				A5643BAF3A39702618E0C3FF /* Pods-TV Shows.debug.xcconfig */,
				89C36EB0463862B1095B2D23 /* Pods-TV Shows.release.xcconfig */,
				8AF48730BB7419C11FC9E66F /* Pods-TV Shows-TV ShowsUITests.debug.xcconfig */,
				2C8FADB842BAFDF8C6AC19E5 /* Pods-TV Shows-TV ShowsUITests.release.xcconfig */,
				F73F8A4FFBBDD4D4B6B7AD47 /* Pods-TV ShowsTests.debug.xcconfig */,
				5D6ED43880881010541FCF33 /* Pods-TV ShowsTests.release.xcconfig */,
			);
			path = Pods;
			sourceTree = "<group>";
		};
/* End PBXGroup section */

/* Begin PBXNativeTarget section */
		42064A9B287833D200E400FD /* TV Shows */ = {
			isa = PBXNativeTarget;
			buildConfigurationList = 42064AC6287833D600E400FD /* Build configuration list for PBXNativeTarget "TV Shows" */;
			buildPhases = (
				5090762E3C2E420456EA26DA /* [CP] Check Pods Manifest.lock */,
				42064A98287833D200E400FD /* Sources */,
				42064A99287833D200E400FD /* Frameworks */,
				42064A9A287833D200E400FD /* Resources */,
				4613F445ECCE0F185A3982A1 /* [CP] Embed Pods Frameworks */,
			);
			buildRules = (
			);
			dependencies = (
			);
			name = "TV Shows";
			productName = "TV Shows";
			productReference = 42064A9C287833D200E400FD /* TV Shows.app */;
			productType = "com.apple.product-type.application";
		};
		42064AB1287833D600E400FD /* TV ShowsTests */ = {
			isa = PBXNativeTarget;
			buildConfigurationList = 42064AC9287833D600E400FD /* Build configuration list for PBXNativeTarget "TV ShowsTests" */;
			buildPhases = (
				8C1A556E7BB6B9B6929AB81A /* [CP] Check Pods Manifest.lock */,
				42064AAE287833D600E400FD /* Sources */,
				42064AAF287833D600E400FD /* Frameworks */,
				42064AB0287833D600E400FD /* Resources */,
			);
			buildRules = (
			);
			dependencies = (
				42064AB4287833D600E400FD /* PBXTargetDependency */,
			);
			name = "TV ShowsTests";
			productName = "TV ShowsTests";
			productReference = 42064AB2287833D600E400FD /* TV ShowsTests.xctest */;
			productType = "com.apple.product-type.bundle.unit-test";
		};
		42064ABB287833D600E400FD /* TV ShowsUITests */ = {
			isa = PBXNativeTarget;
			buildConfigurationList = 42064ACC287833D600E400FD /* Build configuration list for PBXNativeTarget "TV ShowsUITests" */;
			buildPhases = (
				7BF7E95ADE802847EF66611C /* [CP] Check Pods Manifest.lock */,
				42064AB8287833D600E400FD /* Sources */,
				42064AB9287833D600E400FD /* Frameworks */,
				42064ABA287833D600E400FD /* Resources */,
				B8751D5922F1B0C270DD93DA /* [CP] Embed Pods Frameworks */,
			);
			buildRules = (
			);
			dependencies = (
				42064ABE287833D600E400FD /* PBXTargetDependency */,
			);
			name = "TV ShowsUITests";
			productName = "TV ShowsUITests";
			productReference = 42064ABC287833D600E400FD /* TV ShowsUITests.xctest */;
			productType = "com.apple.product-type.bundle.ui-testing";
		};
/* End PBXNativeTarget section */

/* Begin PBXProject section */
		42064A94287833D200E400FD /* Project object */ = {
			isa = PBXProject;
			attributes = {
				BuildIndependentTargetsInParallel = 1;
				LastSwiftUpdateCheck = 1340;
				LastUpgradeCheck = 1340;
				TargetAttributes = {
					42064A9B287833D200E400FD = {
						CreatedOnToolsVersion = 13.4;
					};
					42064AB1287833D600E400FD = {
						CreatedOnToolsVersion = 13.4;
						TestTargetID = 42064A9B287833D200E400FD;
					};
					42064ABB287833D600E400FD = {
						CreatedOnToolsVersion = 13.4;
						TestTargetID = 42064A9B287833D200E400FD;
					};
				};
			};
			buildConfigurationList = 42064A97287833D200E400FD /* Build configuration list for PBXProject "TV Shows" */;
			compatibilityVersion = "Xcode 13.0";
			developmentRegion = en;
			hasScannedForEncodings = 0;
			knownRegions = (
				en,
				Base,
			);
			mainGroup = 42064A93287833D200E400FD;
			productRefGroup = 42064A9D287833D200E400FD /* Products */;
			projectDirPath = "";
			projectRoot = "";
			targets = (
				42064A9B287833D200E400FD /* TV Shows */,
				42064AB1287833D600E400FD /* TV ShowsTests */,
				42064ABB287833D600E400FD /* TV ShowsUITests */,
			);
		};
/* End PBXProject section */

/* Begin PBXResourcesBuildPhase section */
		42064A9A287833D200E400FD /* Resources */ = {
			isa = PBXResourcesBuildPhase;
			buildActionMask = 2147483647;
			files = (
				42064AAC287833D500E400FD /* LaunchScreen.storyboard in Resources */,
				42064AA9287833D500E400FD /* Assets.xcassets in Resources */,
				42064AD1287C234000E400FD /* Login.storyboard in Resources */,
				424E53BF28882C4500D444C9 /* Home.storyboard in Resources */,
			);
			runOnlyForDeploymentPostprocessing = 0;
		};
		42064AB0287833D600E400FD /* Resources */ = {
			isa = PBXResourcesBuildPhase;
			buildActionMask = 2147483647;
			files = (
			);
			runOnlyForDeploymentPostprocessing = 0;
		};
		42064ABA287833D600E400FD /* Resources */ = {
			isa = PBXResourcesBuildPhase;
			buildActionMask = 2147483647;
			files = (
			);
			runOnlyForDeploymentPostprocessing = 0;
		};
/* End PBXResourcesBuildPhase section */

/* Begin PBXShellScriptBuildPhase section */
		4613F445ECCE0F185A3982A1 /* [CP] Embed Pods Frameworks */ = {
			isa = PBXShellScriptBuildPhase;
			buildActionMask = 2147483647;
			files = (
			);
			inputFileListPaths = (
				"${PODS_ROOT}/Target Support Files/Pods-TV Shows/Pods-TV Shows-frameworks-${CONFIGURATION}-input-files.xcfilelist",
			);
			name = "[CP] Embed Pods Frameworks";
			outputFileListPaths = (
				"${PODS_ROOT}/Target Support Files/Pods-TV Shows/Pods-TV Shows-frameworks-${CONFIGURATION}-output-files.xcfilelist",
			);
			runOnlyForDeploymentPostprocessing = 0;
			shellPath = /bin/sh;
			shellScript = "\"${PODS_ROOT}/Target Support Files/Pods-TV Shows/Pods-TV Shows-frameworks.sh\"\n";
			showEnvVarsInLog = 0;
		};
		5090762E3C2E420456EA26DA /* [CP] Check Pods Manifest.lock */ = {
			isa = PBXShellScriptBuildPhase;
			buildActionMask = 2147483647;
			files = (
			);
			inputFileListPaths = (
			);
			inputPaths = (
				"${PODS_PODFILE_DIR_PATH}/Podfile.lock",
				"${PODS_ROOT}/Manifest.lock",
			);
			name = "[CP] Check Pods Manifest.lock";
			outputFileListPaths = (
			);
			outputPaths = (
				"$(DERIVED_FILE_DIR)/Pods-TV Shows-checkManifestLockResult.txt",
			);
			runOnlyForDeploymentPostprocessing = 0;
			shellPath = /bin/sh;
			shellScript = "diff \"${PODS_PODFILE_DIR_PATH}/Podfile.lock\" \"${PODS_ROOT}/Manifest.lock\" > /dev/null\nif [ $? != 0 ] ; then\n    # print error to STDERR\n    echo \"error: The sandbox is not in sync with the Podfile.lock. Run 'pod install' or update your CocoaPods installation.\" >&2\n    exit 1\nfi\n# This output is used by Xcode 'outputs' to avoid re-running this script phase.\necho \"SUCCESS\" > \"${SCRIPT_OUTPUT_FILE_0}\"\n";
			showEnvVarsInLog = 0;
		};
		7BF7E95ADE802847EF66611C /* [CP] Check Pods Manifest.lock */ = {
			isa = PBXShellScriptBuildPhase;
			buildActionMask = 2147483647;
			files = (
			);
			inputFileListPaths = (
			);
			inputPaths = (
				"${PODS_PODFILE_DIR_PATH}/Podfile.lock",
				"${PODS_ROOT}/Manifest.lock",
			);
			name = "[CP] Check Pods Manifest.lock";
			outputFileListPaths = (
			);
			outputPaths = (
				"$(DERIVED_FILE_DIR)/Pods-TV Shows-TV ShowsUITests-checkManifestLockResult.txt",
			);
			runOnlyForDeploymentPostprocessing = 0;
			shellPath = /bin/sh;
			shellScript = "diff \"${PODS_PODFILE_DIR_PATH}/Podfile.lock\" \"${PODS_ROOT}/Manifest.lock\" > /dev/null\nif [ $? != 0 ] ; then\n    # print error to STDERR\n    echo \"error: The sandbox is not in sync with the Podfile.lock. Run 'pod install' or update your CocoaPods installation.\" >&2\n    exit 1\nfi\n# This output is used by Xcode 'outputs' to avoid re-running this script phase.\necho \"SUCCESS\" > \"${SCRIPT_OUTPUT_FILE_0}\"\n";
			showEnvVarsInLog = 0;
		};
		8C1A556E7BB6B9B6929AB81A /* [CP] Check Pods Manifest.lock */ = {
			isa = PBXShellScriptBuildPhase;
			buildActionMask = 2147483647;
			files = (
			);
			inputFileListPaths = (
			);
			inputPaths = (
				"${PODS_PODFILE_DIR_PATH}/Podfile.lock",
				"${PODS_ROOT}/Manifest.lock",
			);
			name = "[CP] Check Pods Manifest.lock";
			outputFileListPaths = (
			);
			outputPaths = (
				"$(DERIVED_FILE_DIR)/Pods-TV ShowsTests-checkManifestLockResult.txt",
			);
			runOnlyForDeploymentPostprocessing = 0;
			shellPath = /bin/sh;
			shellScript = "diff \"${PODS_PODFILE_DIR_PATH}/Podfile.lock\" \"${PODS_ROOT}/Manifest.lock\" > /dev/null\nif [ $? != 0 ] ; then\n    # print error to STDERR\n    echo \"error: The sandbox is not in sync with the Podfile.lock. Run 'pod install' or update your CocoaPods installation.\" >&2\n    exit 1\nfi\n# This output is used by Xcode 'outputs' to avoid re-running this script phase.\necho \"SUCCESS\" > \"${SCRIPT_OUTPUT_FILE_0}\"\n";
			showEnvVarsInLog = 0;
		};
		B8751D5922F1B0C270DD93DA /* [CP] Embed Pods Frameworks */ = {
			isa = PBXShellScriptBuildPhase;
			buildActionMask = 2147483647;
			files = (
			);
			inputFileListPaths = (
				"${PODS_ROOT}/Target Support Files/Pods-TV Shows-TV ShowsUITests/Pods-TV Shows-TV ShowsUITests-frameworks-${CONFIGURATION}-input-files.xcfilelist",
			);
			name = "[CP] Embed Pods Frameworks";
			outputFileListPaths = (
				"${PODS_ROOT}/Target Support Files/Pods-TV Shows-TV ShowsUITests/Pods-TV Shows-TV ShowsUITests-frameworks-${CONFIGURATION}-output-files.xcfilelist",
			);
			runOnlyForDeploymentPostprocessing = 0;
			shellPath = /bin/sh;
			shellScript = "\"${PODS_ROOT}/Target Support Files/Pods-TV Shows-TV ShowsUITests/Pods-TV Shows-TV ShowsUITests-frameworks.sh\"\n";
			showEnvVarsInLog = 0;
		};
/* End PBXShellScriptBuildPhase section */

/* Begin PBXSourcesBuildPhase section */
		42064A98287833D200E400FD /* Sources */ = {
			isa = PBXSourcesBuildPhase;
			buildActionMask = 2147483647;
			files = (
				424E53C7288D835A00D444C9 /* Service.swift in Sources */,
				42064AD3287C236F00E400FD /* LoginViewController.swift in Sources */,
				42064AA0287833D200E400FD /* AppDelegate.swift in Sources */,
				424E53C9288D840600D444C9 /* Router.swift in Sources */,
				42064AA2287833D200E400FD /* SceneDelegate.swift in Sources */,
				424E53C32888A88400D444C9 /* User.swift in Sources */,
				424E53C128882C8100D444C9 /* HomeViewController.swift in Sources */,
				424E53CB288D845900D444C9 /* Constants.swift in Sources */,
				424E53CE288EC3D700D444C9 /* AuthInfo.swift in Sources */,
			);
			runOnlyForDeploymentPostprocessing = 0;
		};
		42064AAE287833D600E400FD /* Sources */ = {
			isa = PBXSourcesBuildPhase;
			buildActionMask = 2147483647;
			files = (
				42064AB7287833D600E400FD /* TV_ShowsTests.swift in Sources */,
			);
			runOnlyForDeploymentPostprocessing = 0;
		};
		42064AB8287833D600E400FD /* Sources */ = {
			isa = PBXSourcesBuildPhase;
			buildActionMask = 2147483647;
			files = (
				42064AC3287833D600E400FD /* TV_ShowsUITestsLaunchTests.swift in Sources */,
				42064AC1287833D600E400FD /* TV_ShowsUITests.swift in Sources */,
			);
			runOnlyForDeploymentPostprocessing = 0;
		};
/* End PBXSourcesBuildPhase section */

/* Begin PBXTargetDependency section */
		42064AB4287833D600E400FD /* PBXTargetDependency */ = {
			isa = PBXTargetDependency;
			target = 42064A9B287833D200E400FD /* TV Shows */;
			targetProxy = 42064AB3287833D600E400FD /* PBXContainerItemProxy */;
		};
		42064ABE287833D600E400FD /* PBXTargetDependency */ = {
			isa = PBXTargetDependency;
			target = 42064A9B287833D200E400FD /* TV Shows */;
			targetProxy = 42064ABD287833D600E400FD /* PBXContainerItemProxy */;
		};
/* End PBXTargetDependency section */

/* Begin PBXVariantGroup section */
		42064AAA287833D500E400FD /* LaunchScreen.storyboard */ = {
			isa = PBXVariantGroup;
			children = (
				42064AAB287833D500E400FD /* Base */,
			);
			name = LaunchScreen.storyboard;
			sourceTree = "<group>";
		};
/* End PBXVariantGroup section */

/* Begin XCBuildConfiguration section */
		42064AC4287833D600E400FD /* Debug */ = {
			isa = XCBuildConfiguration;
			buildSettings = {
				ALWAYS_SEARCH_USER_PATHS = NO;
				CLANG_ANALYZER_NONNULL = YES;
				CLANG_ANALYZER_NUMBER_OBJECT_CONVERSION = YES_AGGRESSIVE;
				CLANG_CXX_LANGUAGE_STANDARD = "gnu++17";
				CLANG_ENABLE_MODULES = YES;
				CLANG_ENABLE_OBJC_ARC = YES;
				CLANG_ENABLE_OBJC_WEAK = YES;
				CLANG_WARN_BLOCK_CAPTURE_AUTORELEASING = YES;
				CLANG_WARN_BOOL_CONVERSION = YES;
				CLANG_WARN_COMMA = YES;
				CLANG_WARN_CONSTANT_CONVERSION = YES;
				CLANG_WARN_DEPRECATED_OBJC_IMPLEMENTATIONS = YES;
				CLANG_WARN_DIRECT_OBJC_ISA_USAGE = YES_ERROR;
				CLANG_WARN_DOCUMENTATION_COMMENTS = YES;
				CLANG_WARN_EMPTY_BODY = YES;
				CLANG_WARN_ENUM_CONVERSION = YES;
				CLANG_WARN_INFINITE_RECURSION = YES;
				CLANG_WARN_INT_CONVERSION = YES;
				CLANG_WARN_NON_LITERAL_NULL_CONVERSION = YES;
				CLANG_WARN_OBJC_IMPLICIT_RETAIN_SELF = YES;
				CLANG_WARN_OBJC_LITERAL_CONVERSION = YES;
				CLANG_WARN_OBJC_ROOT_CLASS = YES_ERROR;
				CLANG_WARN_QUOTED_INCLUDE_IN_FRAMEWORK_HEADER = YES;
				CLANG_WARN_RANGE_LOOP_ANALYSIS = YES;
				CLANG_WARN_STRICT_PROTOTYPES = YES;
				CLANG_WARN_SUSPICIOUS_MOVE = YES;
				CLANG_WARN_UNGUARDED_AVAILABILITY = YES_AGGRESSIVE;
				CLANG_WARN_UNREACHABLE_CODE = YES;
				CLANG_WARN__DUPLICATE_METHOD_MATCH = YES;
				COPY_PHASE_STRIP = NO;
				DEBUG_INFORMATION_FORMAT = dwarf;
				ENABLE_STRICT_OBJC_MSGSEND = YES;
				ENABLE_TESTABILITY = YES;
				GCC_C_LANGUAGE_STANDARD = gnu11;
				GCC_DYNAMIC_NO_PIC = NO;
				GCC_NO_COMMON_BLOCKS = YES;
				GCC_OPTIMIZATION_LEVEL = 0;
				GCC_PREPROCESSOR_DEFINITIONS = (
					"DEBUG=1",
					"$(inherited)",
				);
				GCC_WARN_64_TO_32_BIT_CONVERSION = YES;
				GCC_WARN_ABOUT_RETURN_TYPE = YES_ERROR;
				GCC_WARN_UNDECLARED_SELECTOR = YES;
				GCC_WARN_UNINITIALIZED_AUTOS = YES_AGGRESSIVE;
				GCC_WARN_UNUSED_FUNCTION = YES;
				GCC_WARN_UNUSED_VARIABLE = YES;
				IPHONEOS_DEPLOYMENT_TARGET = 13.0;
				MTL_ENABLE_DEBUG_INFO = INCLUDE_SOURCE;
				MTL_FAST_MATH = YES;
				ONLY_ACTIVE_ARCH = YES;
				SDKROOT = iphoneos;
				SWIFT_ACTIVE_COMPILATION_CONDITIONS = DEBUG;
				SWIFT_OPTIMIZATION_LEVEL = "-Onone";
			};
			name = Debug;
		};
		42064AC5287833D600E400FD /* Release */ = {
			isa = XCBuildConfiguration;
			buildSettings = {
				ALWAYS_SEARCH_USER_PATHS = NO;
				CLANG_ANALYZER_NONNULL = YES;
				CLANG_ANALYZER_NUMBER_OBJECT_CONVERSION = YES_AGGRESSIVE;
				CLANG_CXX_LANGUAGE_STANDARD = "gnu++17";
				CLANG_ENABLE_MODULES = YES;
				CLANG_ENABLE_OBJC_ARC = YES;
				CLANG_ENABLE_OBJC_WEAK = YES;
				CLANG_WARN_BLOCK_CAPTURE_AUTORELEASING = YES;
				CLANG_WARN_BOOL_CONVERSION = YES;
				CLANG_WARN_COMMA = YES;
				CLANG_WARN_CONSTANT_CONVERSION = YES;
				CLANG_WARN_DEPRECATED_OBJC_IMPLEMENTATIONS = YES;
				CLANG_WARN_DIRECT_OBJC_ISA_USAGE = YES_ERROR;
				CLANG_WARN_DOCUMENTATION_COMMENTS = YES;
				CLANG_WARN_EMPTY_BODY = YES;
				CLANG_WARN_ENUM_CONVERSION = YES;
				CLANG_WARN_INFINITE_RECURSION = YES;
				CLANG_WARN_INT_CONVERSION = YES;
				CLANG_WARN_NON_LITERAL_NULL_CONVERSION = YES;
				CLANG_WARN_OBJC_IMPLICIT_RETAIN_SELF = YES;
				CLANG_WARN_OBJC_LITERAL_CONVERSION = YES;
				CLANG_WARN_OBJC_ROOT_CLASS = YES_ERROR;
				CLANG_WARN_QUOTED_INCLUDE_IN_FRAMEWORK_HEADER = YES;
				CLANG_WARN_RANGE_LOOP_ANALYSIS = YES;
				CLANG_WARN_STRICT_PROTOTYPES = YES;
				CLANG_WARN_SUSPICIOUS_MOVE = YES;
				CLANG_WARN_UNGUARDED_AVAILABILITY = YES_AGGRESSIVE;
				CLANG_WARN_UNREACHABLE_CODE = YES;
				CLANG_WARN__DUPLICATE_METHOD_MATCH = YES;
				COPY_PHASE_STRIP = NO;
				DEBUG_INFORMATION_FORMAT = "dwarf-with-dsym";
				ENABLE_NS_ASSERTIONS = NO;
				ENABLE_STRICT_OBJC_MSGSEND = YES;
				GCC_C_LANGUAGE_STANDARD = gnu11;
				GCC_NO_COMMON_BLOCKS = YES;
				GCC_WARN_64_TO_32_BIT_CONVERSION = YES;
				GCC_WARN_ABOUT_RETURN_TYPE = YES_ERROR;
				GCC_WARN_UNDECLARED_SELECTOR = YES;
				GCC_WARN_UNINITIALIZED_AUTOS = YES_AGGRESSIVE;
				GCC_WARN_UNUSED_FUNCTION = YES;
				GCC_WARN_UNUSED_VARIABLE = YES;
				IPHONEOS_DEPLOYMENT_TARGET = 13.0;
				MTL_ENABLE_DEBUG_INFO = NO;
				MTL_FAST_MATH = YES;
				SDKROOT = iphoneos;
				SWIFT_COMPILATION_MODE = wholemodule;
				SWIFT_OPTIMIZATION_LEVEL = "-O";
				VALIDATE_PRODUCT = YES;
			};
			name = Release;
		};
		42064AC7287833D600E400FD /* Debug */ = {
			isa = XCBuildConfiguration;
			baseConfigurationReference = A5643BAF3A39702618E0C3FF /* Pods-TV Shows.debug.xcconfig */;
			buildSettings = {
				ASSETCATALOG_COMPILER_APPICON_NAME = AppIcon;
				ASSETCATALOG_COMPILER_GLOBAL_ACCENT_COLOR_NAME = AccentColor;
				CODE_SIGN_STYLE = Automatic;
				CURRENT_PROJECT_VERSION = 1;
				GENERATE_INFOPLIST_FILE = YES;
				INFOPLIST_FILE = "TV Shows/Info.plist";
				INFOPLIST_KEY_UIApplicationSupportsIndirectInputEvents = YES;
				INFOPLIST_KEY_UILaunchStoryboardName = LaunchScreen;
				INFOPLIST_KEY_UIMainStoryboardFile = Login;
				INFOPLIST_KEY_UISupportedInterfaceOrientations = UIInterfaceOrientationPortrait;
				INFOPLIST_KEY_UISupportedInterfaceOrientations_iPad = "UIInterfaceOrientationPortrait UIInterfaceOrientationPortraitUpsideDown UIInterfaceOrientationLandscapeLeft UIInterfaceOrientationLandscapeRight";
				INFOPLIST_KEY_UISupportedInterfaceOrientations_iPhone = "UIInterfaceOrientationPortrait UIInterfaceOrientationLandscapeLeft UIInterfaceOrientationLandscapeRight";
				INFOPLIST_KEY_UIUserInterfaceStyle = Light;
				IPHONEOS_DEPLOYMENT_TARGET = 13.0;
				LD_RUNPATH_SEARCH_PATHS = (
					"$(inherited)",
					"@executable_path/Frameworks",
				);
				MARKETING_VERSION = 1.0;
				PRODUCT_BUNDLE_IDENTIFIER = "com.infinum.epahor.TV-Shows";
				PRODUCT_NAME = "$(TARGET_NAME)";
				SWIFT_EMIT_LOC_STRINGS = YES;
				SWIFT_VERSION = 5.0;
				TARGETED_DEVICE_FAMILY = "1,2";
			};
			name = Debug;
		};
		42064AC8287833D600E400FD /* Release */ = {
			isa = XCBuildConfiguration;
			baseConfigurationReference = 89C36EB0463862B1095B2D23 /* Pods-TV Shows.release.xcconfig */;
			buildSettings = {
				ASSETCATALOG_COMPILER_APPICON_NAME = AppIcon;
				ASSETCATALOG_COMPILER_GLOBAL_ACCENT_COLOR_NAME = AccentColor;
				CODE_SIGN_STYLE = Automatic;
				CURRENT_PROJECT_VERSION = 1;
				GENERATE_INFOPLIST_FILE = YES;
				INFOPLIST_FILE = "TV Shows/Info.plist";
				INFOPLIST_KEY_UIApplicationSupportsIndirectInputEvents = YES;
				INFOPLIST_KEY_UILaunchStoryboardName = LaunchScreen;
				INFOPLIST_KEY_UIMainStoryboardFile = Login;
				INFOPLIST_KEY_UISupportedInterfaceOrientations = UIInterfaceOrientationPortrait;
				INFOPLIST_KEY_UISupportedInterfaceOrientations_iPad = "UIInterfaceOrientationPortrait UIInterfaceOrientationPortraitUpsideDown UIInterfaceOrientationLandscapeLeft UIInterfaceOrientationLandscapeRight";
				INFOPLIST_KEY_UISupportedInterfaceOrientations_iPhone = "UIInterfaceOrientationPortrait UIInterfaceOrientationLandscapeLeft UIInterfaceOrientationLandscapeRight";
				INFOPLIST_KEY_UIUserInterfaceStyle = Light;
				IPHONEOS_DEPLOYMENT_TARGET = 13.0;
				LD_RUNPATH_SEARCH_PATHS = (
					"$(inherited)",
					"@executable_path/Frameworks",
				);
				MARKETING_VERSION = 1.0;
				PRODUCT_BUNDLE_IDENTIFIER = "com.infinum.epahor.TV-Shows";
				PRODUCT_NAME = "$(TARGET_NAME)";
				SWIFT_EMIT_LOC_STRINGS = YES;
				SWIFT_VERSION = 5.0;
				TARGETED_DEVICE_FAMILY = "1,2";
			};
			name = Release;
		};
		42064ACA287833D600E400FD /* Debug */ = {
			isa = XCBuildConfiguration;
			baseConfigurationReference = F73F8A4FFBBDD4D4B6B7AD47 /* Pods-TV ShowsTests.debug.xcconfig */;
			buildSettings = {
				ALWAYS_EMBED_SWIFT_STANDARD_LIBRARIES = YES;
				BUNDLE_LOADER = "$(TEST_HOST)";
				CODE_SIGN_STYLE = Automatic;
				CURRENT_PROJECT_VERSION = 1;
				GENERATE_INFOPLIST_FILE = YES;
				IPHONEOS_DEPLOYMENT_TARGET = 15.5;
				MARKETING_VERSION = 1.0;
				PRODUCT_BUNDLE_IDENTIFIER = "com.infinum.epahor.TV-ShowsTests";
				PRODUCT_NAME = "$(TARGET_NAME)";
				SWIFT_EMIT_LOC_STRINGS = NO;
				SWIFT_VERSION = 5.0;
				TARGETED_DEVICE_FAMILY = "1,2";
				TEST_HOST = "$(BUILT_PRODUCTS_DIR)/TV Shows.app/TV Shows";
			};
			name = Debug;
		};
		42064ACB287833D600E400FD /* Release */ = {
			isa = XCBuildConfiguration;
			baseConfigurationReference = 5D6ED43880881010541FCF33 /* Pods-TV ShowsTests.release.xcconfig */;
			buildSettings = {
				ALWAYS_EMBED_SWIFT_STANDARD_LIBRARIES = YES;
				BUNDLE_LOADER = "$(TEST_HOST)";
				CODE_SIGN_STYLE = Automatic;
				CURRENT_PROJECT_VERSION = 1;
				GENERATE_INFOPLIST_FILE = YES;
				IPHONEOS_DEPLOYMENT_TARGET = 15.5;
				MARKETING_VERSION = 1.0;
				PRODUCT_BUNDLE_IDENTIFIER = "com.infinum.epahor.TV-ShowsTests";
				PRODUCT_NAME = "$(TARGET_NAME)";
				SWIFT_EMIT_LOC_STRINGS = NO;
				SWIFT_VERSION = 5.0;
				TARGETED_DEVICE_FAMILY = "1,2";
				TEST_HOST = "$(BUILT_PRODUCTS_DIR)/TV Shows.app/TV Shows";
			};
			name = Release;
		};
		42064ACD287833D600E400FD /* Debug */ = {
			isa = XCBuildConfiguration;
			baseConfigurationReference = 8AF48730BB7419C11FC9E66F /* Pods-TV Shows-TV ShowsUITests.debug.xcconfig */;
			buildSettings = {
				ALWAYS_EMBED_SWIFT_STANDARD_LIBRARIES = YES;
				CODE_SIGN_STYLE = Automatic;
				CURRENT_PROJECT_VERSION = 1;
				GENERATE_INFOPLIST_FILE = YES;
				MARKETING_VERSION = 1.0;
				PRODUCT_BUNDLE_IDENTIFIER = "com.infinum.epahor.TV-ShowsUITests";
				PRODUCT_NAME = "$(TARGET_NAME)";
				SWIFT_EMIT_LOC_STRINGS = NO;
				SWIFT_VERSION = 5.0;
				TARGETED_DEVICE_FAMILY = "1,2";
				TEST_TARGET_NAME = "TV Shows";
			};
			name = Debug;
		};
		42064ACE287833D600E400FD /* Release */ = {
			isa = XCBuildConfiguration;
			baseConfigurationReference = 2C8FADB842BAFDF8C6AC19E5 /* Pods-TV Shows-TV ShowsUITests.release.xcconfig */;
			buildSettings = {
				ALWAYS_EMBED_SWIFT_STANDARD_LIBRARIES = YES;
				CODE_SIGN_STYLE = Automatic;
				CURRENT_PROJECT_VERSION = 1;
				GENERATE_INFOPLIST_FILE = YES;
				MARKETING_VERSION = 1.0;
				PRODUCT_BUNDLE_IDENTIFIER = "com.infinum.epahor.TV-ShowsUITests";
				PRODUCT_NAME = "$(TARGET_NAME)";
				SWIFT_EMIT_LOC_STRINGS = NO;
				SWIFT_VERSION = 5.0;
				TARGETED_DEVICE_FAMILY = "1,2";
				TEST_TARGET_NAME = "TV Shows";
			};
			name = Release;
		};
/* End XCBuildConfiguration section */

/* Begin XCConfigurationList section */
		42064A97287833D200E400FD /* Build configuration list for PBXProject "TV Shows" */ = {
			isa = XCConfigurationList;
			buildConfigurations = (
				42064AC4287833D600E400FD /* Debug */,
				42064AC5287833D600E400FD /* Release */,
			);
			defaultConfigurationIsVisible = 0;
			defaultConfigurationName = Release;
		};
		42064AC6287833D600E400FD /* Build configuration list for PBXNativeTarget "TV Shows" */ = {
			isa = XCConfigurationList;
			buildConfigurations = (
				42064AC7287833D600E400FD /* Debug */,
				42064AC8287833D600E400FD /* Release */,
			);
			defaultConfigurationIsVisible = 0;
			defaultConfigurationName = Release;
		};
		42064AC9287833D600E400FD /* Build configuration list for PBXNativeTarget "TV ShowsTests" */ = {
			isa = XCConfigurationList;
			buildConfigurations = (
				42064ACA287833D600E400FD /* Debug */,
				42064ACB287833D600E400FD /* Release */,
			);
			defaultConfigurationIsVisible = 0;
			defaultConfigurationName = Release;
		};
		42064ACC287833D600E400FD /* Build configuration list for PBXNativeTarget "TV ShowsUITests" */ = {
			isa = XCConfigurationList;
			buildConfigurations = (
				42064ACD287833D600E400FD /* Debug */,
				42064ACE287833D600E400FD /* Release */,
			);
			defaultConfigurationIsVisible = 0;
			defaultConfigurationName = Release;
		};
/* End XCConfigurationList section */
	};
	rootObject = 42064A94287833D200E400FD /* Project object */;
}
